
Microsoft Visual Studio Solution File, Format Version 12.00
# Visual Studio 15
VisualStudioVersion = 15.0.26228.9
MinimumVisualStudioVersion = 10.0.40219.1
Project("{FAE04EC0-301F-11D3-BF4B-00C04F79EFBC}") = "CurrencyRateChange", "CurrencyRateChange\CurrencyRateChange.csproj", "{E4C3226C-228E-406D-B859-9EA2438F91C5}"
EndProject
Project("{FAE04EC0-301F-11D3-BF4B-00C04F79EFBC}") = "CurrencyRateChange.Service", "CurrencyRateChange.Service\CurrencyRateChange.Service.csproj", "{D5673D28-555D-440D-85E2-96BB7097CD11}"
EndProject
Global
	GlobalSection(SolutionConfigurationPlatforms) = preSolution
		Debug|Any CPU = Debug|Any CPU
		Release|Any CPU = Release|Any CPU
	EndGlobalSection
	GlobalSection(ProjectConfigurationPlatforms) = postSolution
		{E4C3226C-228E-406D-B859-9EA2438F91C5}.Debug|Any CPU.ActiveCfg = Debug|Any CPU
		{E4C3226C-228E-406D-B859-9EA2438F91C5}.Debug|Any CPU.Build.0 = Debug|Any CPU
		{E4C3226C-228E-406D-B859-9EA2438F91C5}.Release|Any CPU.ActiveCfg = Release|Any CPU
		{E4C3226C-228E-406D-B859-9EA2438F91C5}.Release|Any CPU.Build.0 = Release|Any CPU
		{D5673D28-555D-440D-85E2-96BB7097CD11}.Debug|Any CPU.ActiveCfg = Debug|Any CPU
		{D5673D28-555D-440D-85E2-96BB7097CD11}.Debug|Any CPU.Build.0 = Debug|Any CPU
		{D5673D28-555D-440D-85E2-96BB7097CD11}.Release|Any CPU.ActiveCfg = Release|Any CPU
		{D5673D28-555D-440D-85E2-96BB7097CD11}.Release|Any CPU.Build.0 = Release|Any CPU
	EndGlobalSection
	GlobalSection(SolutionProperties) = preSolution
		HideSolutionNode = FALSE
	EndGlobalSection
EndGlobal
